// !$*UTF8*$!
{
	archiveVersion = 1;
	classes = {
	};
	objectVersion = 50;
	objects = {

/* Begin PBXBuildFile section */
		2343BEBD24BBFBA8008D3641 /* AppDelegate.swift in Sources */ = {isa = PBXBuildFile; fileRef = 2343BEBC24BBFBA8008D3641 /* AppDelegate.swift */; };
		2343BEBF24BBFBA8008D3641 /* SceneDelegate.swift in Sources */ = {isa = PBXBuildFile; fileRef = 2343BEBE24BBFBA8008D3641 /* SceneDelegate.swift */; };
		2343BEC124BBFBA8008D3641 /* ViewController.swift in Sources */ = {isa = PBXBuildFile; fileRef = 2343BEC024BBFBA8008D3641 /* ViewController.swift */; };
		2343BEC424BBFBA8008D3641 /* Main.storyboard in Resources */ = {isa = PBXBuildFile; fileRef = 2343BEC224BBFBA8008D3641 /* Main.storyboard */; };
		2343BEC724BBFBA8008D3641 /* GenPassApp.xcdatamodeld in Sources */ = {isa = PBXBuildFile; fileRef = 2343BEC524BBFBA8008D3641 /* GenPassApp.xcdatamodeld */; };
		2343BEC924BBFBAA008D3641 /* Assets.xcassets in Resources */ = {isa = PBXBuildFile; fileRef = 2343BEC824BBFBAA008D3641 /* Assets.xcassets */; };
		2343BECC24BBFBAA008D3641 /* LaunchScreen.storyboard in Resources */ = {isa = PBXBuildFile; fileRef = 2343BECA24BBFBAA008D3641 /* LaunchScreen.storyboard */; };
		23D1117324BCFDE2004490F3 /* Extensions.swift in Sources */ = {isa = PBXBuildFile; fileRef = 23D1117224BCFDE2004490F3 /* Extensions.swift */; };
/* End PBXBuildFile section */

/* Begin PBXFileReference section */
		2343BEB924BBFBA8008D3641 /* GenPassApp.app */ = {isa = PBXFileReference; explicitFileType = wrapper.application; includeInIndex = 0; path = GenPassApp.app; sourceTree = BUILT_PRODUCTS_DIR; };
		2343BEBC24BBFBA8008D3641 /* AppDelegate.swift */ = {isa = PBXFileReference; lastKnownFileType = sourcecode.swift; path = AppDelegate.swift; sourceTree = "<group>"; };
		2343BEBE24BBFBA8008D3641 /* SceneDelegate.swift */ = {isa = PBXFileReference; lastKnownFileType = sourcecode.swift; path = SceneDelegate.swift; sourceTree = "<group>"; };
		2343BEC024BBFBA8008D3641 /* ViewController.swift */ = {isa = PBXFileReference; lastKnownFileType = sourcecode.swift; path = ViewController.swift; sourceTree = "<group>"; };
		2343BEC324BBFBA8008D3641 /* Base */ = {isa = PBXFileReference; lastKnownFileType = file.storyboard; name = Base; path = Base.lproj/Main.storyboard; sourceTree = "<group>"; };
		2343BEC624BBFBA8008D3641 /* GenPassApp.xcdatamodel */ = {isa = PBXFileReference; lastKnownFileType = wrapper.xcdatamodel; path = GenPassApp.xcdatamodel; sourceTree = "<group>"; };
		2343BEC824BBFBAA008D3641 /* Assets.xcassets */ = {isa = PBXFileReference; lastKnownFileType = folder.assetcatalog; path = Assets.xcassets; sourceTree = "<group>"; };
		2343BECB24BBFBAA008D3641 /* Base */ = {isa = PBXFileReference; lastKnownFileType = file.storyboard; name = Base; path = Base.lproj/LaunchScreen.storyboard; sourceTree = "<group>"; };
		2343BECD24BBFBAA008D3641 /* Info.plist */ = {isa = PBXFileReference; lastKnownFileType = text.plist.xml; path = Info.plist; sourceTree = "<group>"; };
		23D1117224BCFDE2004490F3 /* Extensions.swift */ = {isa = PBXFileReference; fileEncoding = 4; lastKnownFileType = sourcecode.swift; path = Extensions.swift; sourceTree = "<group>"; };
/* End PBXFileReference section */

/* Begin PBXFrameworksBuildPhase section */
		2343BEB624BBFBA8008D3641 /* Frameworks */ = {
			isa = PBXFrameworksBuildPhase;
			buildActionMask = 2147483647;
			files = (
			);
			runOnlyForDeploymentPostprocessing = 0;
		};
/* End PBXFrameworksBuildPhase section */

/* Begin PBXGroup section */
		2343BEB024BBFBA8008D3641 = {
			isa = PBXGroup;
			children = (
				2343BEBB24BBFBA8008D3641 /* GenPassApp */,
				2343BEBA24BBFBA8008D3641 /* Products */,
			);
			sourceTree = "<group>";
		};
		2343BEBA24BBFBA8008D3641 /* Products */ = {
			isa = PBXGroup;
			children = (
				2343BEB924BBFBA8008D3641 /* GenPassApp.app */,
			);
			name = Products;
			sourceTree = "<group>";
		};
		2343BEBB24BBFBA8008D3641 /* GenPassApp */ = {
			isa = PBXGroup;
			children = (
				2343BEBC24BBFBA8008D3641 /* AppDelegate.swift */,
				2343BEBE24BBFBA8008D3641 /* SceneDelegate.swift */,
				2343BEC024BBFBA8008D3641 /* ViewController.swift */,
				23D1117224BCFDE2004490F3 /* Extensions.swift */,
				2343BEC224BBFBA8008D3641 /* Main.storyboard */,
				2343BEC824BBFBAA008D3641 /* Assets.xcassets */,
				2343BECA24BBFBAA008D3641 /* LaunchScreen.storyboard */,
				2343BECD24BBFBAA008D3641 /* Info.plist */,
				2343BEC524BBFBA8008D3641 /* GenPassApp.xcdatamodeld */,
			);
			path = GenPassApp;
			sourceTree = "<group>";
		};
/* End PBXGroup section */

/* Begin PBXNativeTarget section */
		2343BEB824BBFBA8008D3641 /* GenPassApp */ = {
			isa = PBXNativeTarget;
			buildConfigurationList = 2343BED024BBFBAA008D3641 /* Build configuration list for PBXNativeTarget "GenPassApp" */;
			buildPhases = (
				2343BEB524BBFBA8008D3641 /* Sources */,
				2343BEB624BBFBA8008D3641 /* Frameworks */,
				2343BEB724BBFBA8008D3641 /* Resources */,
			);
			buildRules = (
			);
			dependencies = (
			);
			name = GenPassApp;
			productName = GenPassApp;
			productReference = 2343BEB924BBFBA8008D3641 /* GenPassApp.app */;
			productType = "com.apple.product-type.application";
		};
/* End PBXNativeTarget section */

/* Begin PBXProject section */
		2343BEB124BBFBA8008D3641 /* Project object */ = {
			isa = PBXProject;
			attributes = {
				LastSwiftUpdateCheck = 1150;
				LastUpgradeCheck = 1150;
				ORGANIZATIONNAME = pixeldigitalart;
				TargetAttributes = {
					2343BEB824BBFBA8008D3641 = {
						CreatedOnToolsVersion = 11.5;
					};
				};
			};
			buildConfigurationList = 2343BEB424BBFBA8008D3641 /* Build configuration list for PBXProject "GenPassApp" */;
			compatibilityVersion = "Xcode 9.3";
			developmentRegion = en;
			hasScannedForEncodings = 0;
			knownRegions = (
				en,
				Base,
			);
			mainGroup = 2343BEB024BBFBA8008D3641;
			productRefGroup = 2343BEBA24BBFBA8008D3641 /* Products */;
			projectDirPath = "";
			projectRoot = "";
			targets = (
				2343BEB824BBFBA8008D3641 /* GenPassApp */,
			);
		};
/* End PBXProject section */

/* Begin PBXResourcesBuildPhase section */
		2343BEB724BBFBA8008D3641 /* Resources */ = {
			isa = PBXResourcesBuildPhase;
			buildActionMask = 2147483647;
			files = (
				2343BECC24BBFBAA008D3641 /* LaunchScreen.storyboard in Resources */,
				2343BEC924BBFBAA008D3641 /* Assets.xcassets in Resources */,
				2343BEC424BBFBA8008D3641 /* Main.storyboard in Resources */,
			);
			runOnlyForDeploymentPostprocessing = 0;
		};
/* End PBXResourcesBuildPhase section */

/* Begin PBXSourcesBuildPhase section */
		2343BEB524BBFBA8008D3641 /* Sources */ = {
			isa = PBXSourcesBuildPhase;
			buildActionMask = 2147483647;
			files = (
				23D1117324BCFDE2004490F3 /* Extensions.swift in Sources */,
				2343BEC124BBFBA8008D3641 /* ViewController.swift in Sources */,
				2343BEC724BBFBA8008D3641 /* GenPassApp.xcdatamodeld in Sources */,
				2343BEBD24BBFBA8008D3641 /* AppDelegate.swift in Sources */,
				2343BEBF24BBFBA8008D3641 /* SceneDelegate.swift in Sources */,
			);
			runOnlyForDeploymentPostprocessing = 0;
		};
/* End PBXSourcesBuildPhase section */

/* Begin PBXVariantGroup section */
		2343BEC224BBFBA8008D3641 /* Main.storyboard */ = {
			isa = PBXVariantGroup;
			children = (
				2343BEC324BBFBA8008D3641 /* Base */,
			);
			name = Main.storyboard;
			sourceTree = "<group>";
		};
		2343BECA24BBFBAA008D3641 /* LaunchScreen.storyboard */ = {
			isa = PBXVariantGroup;
			children = (
				2343BECB24BBFBAA008D3641 /* Base */,
			);
			name = LaunchScreen.storyboard;
			sourceTree = "<group>";
		};
/* End PBXVariantGroup section */

/* Begin XCBuildConfiguration section */
		2343BECE24BBFBAA008D3641 /* Debug */ = {
			isa = XCBuildConfiguration;
			buildSettings = {
				ALWAYS_SEARCH_USER_PATHS = NO;
				CLANG_ANALYZER_NONNULL = YES;
				CLANG_ANALYZER_NUMBER_OBJECT_CONVERSION = YES_AGGRESSIVE;
				CLANG_CXX_LANGUAGE_STANDARD = "gnu++14";
				CLANG_CXX_LIBRARY = "libc++";
				CLANG_ENABLE_MODULES = YES;
				CLANG_ENABLE_OBJC_ARC = YES;
				CLANG_ENABLE_OBJC_WEAK = YES;
				CLANG_WARN_BLOCK_CAPTURE_AUTORELEASING = YES;
				CLANG_WARN_BOOL_CONVERSION = YES;
				CLANG_WARN_COMMA = YES;
				CLANG_WARN_CONSTANT_CONVERSION = YES;
				CLANG_WARN_DEPRECATED_OBJC_IMPLEMENTATIONS = YES;
				CLANG_WARN_DIRECT_OBJC_ISA_USAGE = YES_ERROR;
				CLANG_WARN_DOCUMENTATION_COMMENTS = YES;
				CLANG_WARN_EMPTY_BODY = YES;
				CLANG_WARN_ENUM_CONVERSION = YES;
				CLANG_WARN_INFINITE_RECURSION = YES;
				CLANG_WARN_INT_CONVERSION = YES;
				CLANG_WARN_NON_LITERAL_NULL_CONVERSION = YES;
				CLANG_WARN_OBJC_IMPLICIT_RETAIN_SELF = YES;
				CLANG_WARN_OBJC_LITERAL_CONVERSION = YES;
				CLANG_WARN_OBJC_ROOT_CLASS = YES_ERROR;
				CLANG_WARN_RANGE_LOOP_ANALYSIS = YES;
				CLANG_WARN_STRICT_PROTOTYPES = YES;
				CLANG_WARN_SUSPICIOUS_MOVE = YES;
				CLANG_WARN_UNGUARDED_AVAILABILITY = YES_AGGRESSIVE;
				CLANG_WARN_UNREACHABLE_CODE = YES;
				CLANG_WARN__DUPLICATE_METHOD_MATCH = YES;
				COPY_PHASE_STRIP = NO;
				DEBUG_INFORMATION_FORMAT = dwarf;
				ENABLE_STRICT_OBJC_MSGSEND = YES;
				ENABLE_TESTABILITY = YES;
				GCC_C_LANGUAGE_STANDARD = gnu11;
				GCC_DYNAMIC_NO_PIC = NO;
				GCC_NO_COMMON_BLOCKS = YES;
				GCC_OPTIMIZATION_LEVEL = 0;
				GCC_PREPROCESSOR_DEFINITIONS = (
					"DEBUG=1",
					"$(inherited)",
				);
				GCC_WARN_64_TO_32_BIT_CONVERSION = YES;
				GCC_WARN_ABOUT_RETURN_TYPE = YES_ERROR;
				GCC_WARN_UNDECLARED_SELECTOR = YES;
				GCC_WARN_UNINITIALIZED_AUTOS = YES_AGGRESSIVE;
				GCC_WARN_UNUSED_FUNCTION = YES;
				GCC_WARN_UNUSED_VARIABLE = YES;
				IPHONEOS_DEPLOYMENT_TARGET = 13.5;
				MTL_ENABLE_DEBUG_INFO = INCLUDE_SOURCE;
				MTL_FAST_MATH = YES;
				ONLY_ACTIVE_ARCH = YES;
				SDKROOT = iphoneos;
				SWIFT_ACTIVE_COMPILATION_CONDITIONS = DEBUG;
				SWIFT_OPTIMIZATION_LEVEL = "-Onone";
			};
			name = Debug;
		};
		2343BECF24BBFBAA008D3641 /* Release */ = {
			isa = XCBuildConfiguration;
			buildSettings = {
				ALWAYS_SEARCH_USER_PATHS = NO;
				CLANG_ANALYZER_NONNULL = YES;
				CLANG_ANALYZER_NUMBER_OBJECT_CONVERSION = YES_AGGRESSIVE;
				CLANG_CXX_LANGUAGE_STANDARD = "gnu++14";
				CLANG_CXX_LIBRARY = "libc++";
				CLANG_ENABLE_MODULES = YES;
				CLANG_ENABLE_OBJC_ARC = YES;
				CLANG_ENABLE_OBJC_WEAK = YES;
				CLANG_WARN_BLOCK_CAPTURE_AUTORELEASING = YES;
				CLANG_WARN_BOOL_CONVERSION = YES;
				CLANG_WARN_COMMA = YES;
				CLANG_WARN_CONSTANT_CONVERSION = YES;
				CLANG_WARN_DEPRECATED_OBJC_IMPLEMENTATIONS = YES;
				CLANG_WARN_DIRECT_OBJC_ISA_USAGE = YES_ERROR;
				CLANG_WARN_DOCUMENTATION_COMMENTS = YES;
				CLANG_WARN_EMPTY_BODY = YES;
				CLANG_WARN_ENUM_CONVERSION = YES;
				CLANG_WARN_INFINITE_RECURSION = YES;
				CLANG_WARN_INT_CONVERSION = YES;
				CLANG_WARN_NON_LITERAL_NULL_CONVERSION = YES;
				CLANG_WARN_OBJC_IMPLICIT_RETAIN_SELF = YES;
				CLANG_WARN_OBJC_LITERAL_CONVERSION = YES;
				CLANG_WARN_OBJC_ROOT_CLASS = YES_ERROR;
				CLANG_WARN_RANGE_LOOP_ANALYSIS = YES;
				CLANG_WARN_STRICT_PROTOTYPES = YES;
				CLANG_WARN_SUSPICIOUS_MOVE = YES;
				CLANG_WARN_UNGUARDED_AVAILABILITY = YES_AGGRESSIVE;
				CLANG_WARN_UNREACHABLE_CODE = YES;
				CLANG_WARN__DUPLICATE_METHOD_MATCH = YES;
				COPY_PHASE_STRIP = NO;
				DEBUG_INFORMATION_FORMAT = "dwarf-with-dsym";
				ENABLE_NS_ASSERTIONS = NO;
				ENABLE_STRICT_OBJC_MSGSEND = YES;
				GCC_C_LANGUAGE_STANDARD = gnu11;
				GCC_NO_COMMON_BLOCKS = YES;
				GCC_WARN_64_TO_32_BIT_CONVERSION = YES;
				GCC_WARN_ABOUT_RETURN_TYPE = YES_ERROR;
				GCC_WARN_UNDECLARED_SELECTOR = YES;
				GCC_WARN_UNINITIALIZED_AUTOS = YES_AGGRESSIVE;
				GCC_WARN_UNUSED_FUNCTION = YES;
				GCC_WARN_UNUSED_VARIABLE = YES;
				IPHONEOS_DEPLOYMENT_TARGET = 13.5;
				MTL_ENABLE_DEBUG_INFO = NO;
				MTL_FAST_MATH = YES;
				SDKROOT = iphoneos;
				SWIFT_COMPILATION_MODE = wholemodule;
				SWIFT_OPTIMIZATION_LEVEL = "-O";
				VALIDATE_PRODUCT = YES;
			};
			name = Release;
		};
		2343BED124BBFBAA008D3641 /* Debug */ = {
			isa = XCBuildConfiguration;
			buildSettings = {
				ASSETCATALOG_COMPILER_APPICON_NAME = AppIcon;
				CODE_SIGN_STYLE = Automatic;
				DEVELOPMENT_TEAM = 89VD7SL339;
				INFOPLIST_FILE = GenPassApp/Info.plist;
				LD_RUNPATH_SEARCH_PATHS = (
					"$(inherited)",
					"@executable_path/Frameworks",
				);
				PRODUCT_BUNDLE_IDENTIFIER = co.pixeldigitalart.GenPassApp;
				PRODUCT_NAME = "$(TARGET_NAME)";
				SWIFT_VERSION = 5.0;
				TARGETED_DEVICE_FAMILY = "1,2";
			};
			name = Debug;
		};
		2343BED224BBFBAA008D3641 /* Release */ = {
			isa = XCBuildConfiguration;
			buildSettings = {
				ASSETCATALOG_COMPILER_APPICON_NAME = AppIcon;
				CODE_SIGN_STYLE = Automatic;
				DEVELOPMENT_TEAM = 89VD7SL339;
				INFOPLIST_FILE = GenPassApp/Info.plist;
				LD_RUNPATH_SEARCH_PATHS = (
					"$(inherited)",
					"@executable_path/Frameworks",
				);
				PRODUCT_BUNDLE_IDENTIFIER = co.pixeldigitalart.GenPassApp;
				PRODUCT_NAME = "$(TARGET_NAME)";
				SWIFT_VERSION = 5.0;
				TARGETED_DEVICE_FAMILY = "1,2";
			};
			name = Release;
		};
/* End XCBuildConfiguration section */

/* Begin XCConfigurationList section */
		2343BEB424BBFBA8008D3641 /* Build configuration list for PBXProject "GenPassApp" */ = {
			isa = XCConfigurationList;
			buildConfigurations = (
				2343BECE24BBFBAA008D3641 /* Debug */,
				2343BECF24BBFBAA008D3641 /* Release */,
			);
			defaultConfigurationIsVisible = 0;
			defaultConfigurationName = Release;
		};
		2343BED024BBFBAA008D3641 /* Build configuration list for PBXNativeTarget "GenPassApp" */ = {
			isa = XCConfigurationList;
			buildConfigurations = (
				2343BED124BBFBAA008D3641 /* Debug */,
				2343BED224BBFBAA008D3641 /* Release */,
			);
			defaultConfigurationIsVisible = 0;
			defaultConfigurationName = Release;
		};
/* End XCConfigurationList section */

/* Begin XCVersionGroup section */
		2343BEC524BBFBA8008D3641 /* GenPassApp.xcdatamodeld */ = {
			isa = XCVersionGroup;
			children = (
				2343BEC624BBFBA8008D3641 /* GenPassApp.xcdatamodel */,
			);
			currentVersion = 2343BEC624BBFBA8008D3641 /* GenPassApp.xcdatamodel */;
			path = GenPassApp.xcdatamodeld;
			sourceTree = "<group>";
			versionGroupType = wrapper.xcdatamodel;
		};
/* End XCVersionGroup section */
	};
	rootObject = 2343BEB124BBFBA8008D3641 /* Project object */;
}
